{
    "_readme": [
        "This file locks the dependencies of your project to a known state",
        "Read more about it at https://getcomposer.org/doc/01-basic-usage.md#installing-dependencies",
        "This file is @generated automatically"
    ],
    "content-hash": "4033f5902f5e73bd2bac500c16ddc7a4",
    "packages": [
        {
            "name": "composer/ca-bundle",
            "version": "1.2.8",
            "source": {
                "type": "git",
                "url": "https://github.com/composer/ca-bundle.git",
                "reference": "8a7ecad675253e4654ea05505233285377405215"
            },
            "dist": {
                "type": "zip",
                "url": "https://api.github.com/repos/composer/ca-bundle/zipball/8a7ecad675253e4654ea05505233285377405215",
                "reference": "8a7ecad675253e4654ea05505233285377405215",
                "shasum": ""
            },
            "require": {
                "ext-openssl": "*",
                "ext-pcre": "*",
                "php": "^5.3.2 || ^7.0 || ^8.0"
            },
            "require-dev": {
                "phpunit/phpunit": "^4.8.35 || ^5.7 || 6.5 - 8",
                "psr/log": "^1.0",
                "symfony/process": "^2.5 || ^3.0 || ^4.0 || ^5.0"
            },
            "type": "library",
            "extra": {
                "branch-alias": {
                    "dev-master": "1.x-dev"
                }
            },
            "autoload": {
                "psr-4": {
                    "Composer\\CaBundle\\": "src"
                }
            },
            "notification-url": "https://packagist.org/downloads/",
            "license": [
                "MIT"
            ],
            "authors": [
                {
                    "name": "Jordi Boggiano",
                    "email": "j.boggiano@seld.be",
                    "homepage": "http://seld.be"
                }
            ],
            "description": "Lets you find a path to the system CA bundle, and includes a fallback to the Mozilla CA bundle.",
            "keywords": [
                "cabundle",
                "cacert",
                "certificate",
                "ssl",
                "tls"
            ],
            "support": {
                "irc": "irc://irc.freenode.org/composer",
                "issues": "https://github.com/composer/ca-bundle/issues",
                "source": "https://github.com/composer/ca-bundle/tree/1.2.8"
            },
            "funding": [
                {
                    "url": "https://packagist.com",
                    "type": "custom"
                },
                {
                    "url": "https://github.com/composer",
                    "type": "github"
                },
                {
                    "url": "https://tidelift.com/funding/github/packagist/composer/composer",
                    "type": "tidelift"
                }
            ],
            "time": "2020-08-23T12:54:47+00:00"
        },
        {
            "name": "mollie/mollie-api-php",
            "version": "v2.24.0",
            "source": {
                "type": "git",
                "url": "https://github.com/mollie/mollie-api-php.git",
                "reference": "52bd606724109906d61226698c8b031ccae9e637"
            },
            "dist": {
                "type": "zip",
                "url": "https://api.github.com/repos/mollie/mollie-api-php/zipball/52bd606724109906d61226698c8b031ccae9e637",
                "reference": "52bd606724109906d61226698c8b031ccae9e637",
                "shasum": ""
            },
            "require": {
                "composer/ca-bundle": "^1.1",
                "ext-curl": "*",
                "ext-json": "*",
                "ext-openssl": "*",
                "guzzlehttp/guzzle": "^6.3 || ^7.0",
                "php": ">=5.6"
            },
            "require-dev": {
                "eloquent/liberator": "^2.0",
                "phpunit/phpunit": "^5.7 || ^6.5 || ^7.1"
            },
            "suggest": {
                "mollie/oauth2-mollie-php": "Use OAuth to authenticate with the Mollie API. This is needed for some endpoints. Visit https://docs.mollie.com/ for more information."
            },
            "type": "library",
            "autoload": {
                "psr-4": {
                    "Mollie\\Api\\": "src/"
                }
            },
            "notification-url": "https://packagist.org/downloads/",
            "license": [
                "BSD-2-Clause"
            ],
            "authors": [
                {
                    "name": "Mollie B.V.",
                    "email": "info@mollie.com"
                }
            ],
            "description": "Mollie API client library for PHP. Mollie is a European Payment Service provider and offers international payment methods such as Mastercard, VISA, American Express and PayPal, and local payment methods such as iDEAL, Bancontact, SOFORT Banking, SEPA direct debit, Belfius Direct Net, KBC Payment Button and various gift cards such as Podiumcadeaukaart and fashioncheque.",
            "homepage": "https://www.mollie.com/en/developers",
            "keywords": [
                "Apple Pay",
                "CBC",
                "Przelewy24",
                "api",
                "bancontact",
                "banktransfer",
                "belfius",
                "belfius direct net",
                "charges",
                "creditcard",
                "direct debit",
                "fashioncheque",
                "gateway",
                "gift cards",
                "ideal",
                "inghomepay",
                "intersolve",
                "kbc",
                "klarna",
                "mistercash",
                "mollie",
                "paylater",
                "payment",
                "payments",
                "paypal",
                "paysafecard",
                "podiumcadeaukaart",
                "recurring",
                "refunds",
                "sepa",
                "service",
                "sliceit",
                "sofort",
                "sofortbanking",
                "subscriptions"
            ],
            "support": {
                "issues": "https://github.com/mollie/mollie-api-php/issues",
                "source": "https://github.com/mollie/mollie-api-php/tree/v2.24.0"
            },
            "time": "2020-10-15T12:55:48+00:00"
        },
        {
            "name": "paygol/php-sdk",
            "version": "v1.0.3",
            "source": {
                "type": "git",
                "url": "https://github.com/PaygolSPA/pg-php-sdk.git",
                "reference": "f1c654c16e6dad31ee70d697e38a4220129115af"
            },
            "dist": {
                "type": "zip",
                "url": "https://api.github.com/repos/PaygolSPA/pg-php-sdk/zipball/f1c654c16e6dad31ee70d697e38a4220129115af",
                "reference": "f1c654c16e6dad31ee70d697e38a4220129115af",
                "shasum": ""
            },
            "require": {
                "php": ">=5.6.4"
            },
            "type": "library",
            "autoload": {
                "psr-4": {
                    "Paygol\\": "lib/php-apiv2"
                }
            },
            "notification-url": "https://packagist.org/downloads/",
            "license": [
                "MIT"
            ],
            "authors": [
                {
                    "name": "Paygol SPA",
                    "email": "info@paygol.com"
                }
            ],
            "description": "PHP SDK for Paygol API and Webcheckout implementation",
            "support": {
                "docs": "https://devs.paygol.com",
                "email": "tech@paygol.com",
                "issues": "https://github.com/PaygolSPA/pg-php-sdk/issues",
                "source": "https://github.com/PaygolSPA/php-sdk"
            },
            "time": "2019-07-02T15:09:00+00:00"
        },
        {
            "name": "paymentwall/paymentwall-php",
            "version": "2.2.3",
            "source": {
                "type": "git",
                "url": "https://github.com/paymentwall/paymentwall-php.git",
                "reference": "040cbd3aecafe25af35568590f78b6cef4b72015"
            },
            "dist": {
                "type": "zip",
                "url": "https://api.github.com/repos/paymentwall/paymentwall-php/zipball/040cbd3aecafe25af35568590f78b6cef4b72015",
                "reference": "040cbd3aecafe25af35568590f78b6cef4b72015",
                "shasum": ""
            },
            "require": {
                "ext-curl": "*",
                "ext-json": "*",
                "php": ">=5.2"
            },
            "require-dev": {
                "behat/behat": "2.4.*@stable"
            },
            "type": "library",
            "autoload": {
                "classmap": [
                    "lib/Paymentwall/"
                ]
            },
            "notification-url": "https://packagist.org/downloads/",
            "license": [
                "MIT"
            ],
            "authors": [
                {
                    "name": "Paymentwall Team",
                    "email": "devsupport@paymentwall.com"
                }
            ],
            "description": "Paymentwall PHP Library. Paymentwall is the leading digital payments platform for globally monetizing digital goods and services.",
            "homepage": "https://www.paymentwall.com/?source=gh",
            "keywords": [
                "alternative payments",
                "api",
                "carrier billing",
                "credit cards",
                "monetization",
                "payment processing",
                "payments",
                "paymentwall",
                "recurring billing"
            ],
            "support": {
                "issues": "https://github.com/paymentwall/paymentwall-php/issues",
                "source": "https://github.com/paymentwall/paymentwall-php/tree/v2.2.3"
            },
            "time": "2019-04-24T04:28:11+00:00"
        },
        {
            "name": "paypal/rest-api-sdk-php",
            "version": "1.14.0",
            "source": {
                "type": "git",
                "url": "https://github.com/paypal/PayPal-PHP-SDK.git",
                "reference": "72e2f2466975bf128a31e02b15110180f059fc04"
            },
            "dist": {
                "type": "zip",
                "url": "https://api.github.com/repos/paypal/PayPal-PHP-SDK/zipball/72e2f2466975bf128a31e02b15110180f059fc04",
                "reference": "72e2f2466975bf128a31e02b15110180f059fc04",
                "shasum": ""
            },
            "require": {
                "ext-curl": "*",
                "ext-json": "*",
                "php": ">=5.3.0",
                "psr/log": "^1.0.0"
            },
            "require-dev": {
                "phpunit/phpunit": "^4.8.35"
            },
            "type": "library",
            "autoload": {
                "psr-0": {
                    "PayPal": "lib/"
                }
            },
            "notification-url": "https://packagist.org/downloads/",
            "license": [
                "Apache-2.0"
            ],
            "authors": [
                {
                    "name": "PayPal",
                    "homepage": "https://github.com/paypal/rest-api-sdk-php/contributors"
                }
            ],
            "description": "PayPal's PHP SDK for REST APIs",
            "homepage": "http://paypal.github.io/PayPal-PHP-SDK/",
            "keywords": [
                "payments",
                "paypal",
                "rest",
                "sdk"
            ],
            "support": {
                "issues": "https://github.com/paypal/PayPal-PHP-SDK/issues",
                "source": "https://github.com/paypal/PayPal-PHP-SDK/tree/master"
            },
            "abandoned": true,
            "time": "2019-01-04T20:04:25+00:00"
        },
        {
            "name": "stripe/stripe-php",
            "version": "v7.65.0",
            "source": {
                "type": "git",
                "url": "https://github.com/stripe/stripe-php.git",
                "reference": "d4a22eeec7654efb8476fe8bea95b1e9928025a6"
            },
            "dist": {
                "type": "zip",
                "url": "https://api.github.com/repos/stripe/stripe-php/zipball/d4a22eeec7654efb8476fe8bea95b1e9928025a6",
                "reference": "d4a22eeec7654efb8476fe8bea95b1e9928025a6",
                "shasum": ""
            },
            "require": {
                "ext-curl": "*",
                "ext-json": "*",
                "ext-mbstring": "*",
                "php": ">=5.6.0"
            },
            "require-dev": {
                "friendsofphp/php-cs-fixer": "2.16.5",
                "php-coveralls/php-coveralls": "^2.1",
                "phpunit/phpunit": "^5.7",
                "squizlabs/php_codesniffer": "^3.3",
                "symfony/process": "~3.4"
            },
            "type": "library",
            "extra": {
                "branch-alias": {
                    "dev-master": "2.0-dev"
                }
            },
            "autoload": {
                "psr-4": {
                    "Stripe\\": "lib/"
                }
            },
            "notification-url": "https://packagist.org/downloads/",
            "license": [
                "MIT"
            ],
            "authors": [
                {
                    "name": "Stripe and contributors",
                    "homepage": "https://github.com/stripe/stripe-php/contributors"
                }
            ],
            "description": "Stripe PHP Library",
            "homepage": "https://stripe.com/",
            "keywords": [
                "api",
                "payment processing",
                "stripe"
            ],
            "support": {
                "issues": "https://github.com/stripe/stripe-php/issues",
                "source": "https://github.com/stripe/stripe-php/tree/v7.65.0"
            },
            "time": "2020-11-19T19:37:25+00:00"
        },
        {
            "name": "xsolla/xsolla-sdk-php",
            "version": "v4.1.2",
            "source": {
                "type": "git",
                "url": "https://github.com/xsolla/xsolla-sdk-php.git",
                "reference": "0b3a0d53cb34abab2eec82763e64108fa1aaec2b"
            },
            "dist": {
                "type": "zip",
                "url": "https://api.github.com/repos/xsolla/xsolla-sdk-php/zipball/0b3a0d53cb34abab2eec82763e64108fa1aaec2b",
                "reference": "0b3a0d53cb34abab2eec82763e64108fa1aaec2b",
                "shasum": ""
            },
            "require": {
                "ext-curl": "*",
                "ext-json": "*",
                "guzzlehttp/guzzle": "~6.0",
                "php": ">=7.1.3 <7.5.0",
                "symfony/http-foundation": "~2.3 || ~3.0 || ~4.0 || ~5.0"
            },
            "require-dev": {
                "friendsofphp/php-cs-fixer": "~2.13",
                "mtdowling/burgomaster": "^0.0.3",
                "phpunit/phpunit": "~7.3",
                "symfony/process": "~4.1"
            },
            "type": "library",
            "autoload": {
                "psr-4": {
                    "Xsolla\\SDK\\": "src"
                }
            },
            "notification-url": "https://packagist.org/downloads/",
            "license": [
                "MIT"
            ],
            "description": "Xsolla SDK for PHP. Xsolla is the authorized reseller and merchant providing e-commerce services for online games.",
            "homepage": "http://xsolla.com",
            "keywords": [
                "api",
                "games",
                "payment",
                "sdk",
                "xsolla"
            ],
            "support": {
                "docs": "http://developers.xsolla.com",
                "email": "integration@xsolla.com",
                "issues": "https://github.com/xsolla/xsolla-sdk-php/issues",
                "source": "https://github.com/xsolla/xsolla-sdk-php/releases"
            },
            "time": "2020-10-09T11:58:02+00:00"
        }
    ],
    "packages-dev": [],
    "aliases": [],
    "minimum-stability": "stable",
    "stability-flags": [],
    "prefer-stable": false,
    "prefer-lowest": false,
    "platform": {
        "php": ">=7.2"
    },
    "platform-dev": [],
    "plugin-api-version": "2.0.0"
}
