{
    "_readme": [
        "This file locks the dependencies of your project to a known state",
        "Read more about it at https://getcomposer.org/doc/01-basic-usage.md#installing-dependencies",
        "This file is @generated automatically"
    ],
    "content-hash": "720cfe20659f949f0a2448acc76a8f8f",
    "packages": [
        {
            "name": "composer/ca-bundle",
            "version": "1.5.0",
            "source": {
                "type": "git",
                "url": "https://github.com/composer/ca-bundle.git",
                "reference": "0c5ccfcfea312b5c5a190a21ac5cef93f74baf99"
            },
            "dist": {
                "type": "zip",
                "url": "https://api.github.com/repos/composer/ca-bundle/zipball/0c5ccfcfea312b5c5a190a21ac5cef93f74baf99",
                "reference": "0c5ccfcfea312b5c5a190a21ac5cef93f74baf99",
                "shasum": ""
            },
            "require": {
                "ext-openssl": "*",
                "ext-pcre": "*",
                "php": "^7.2 || ^8.0"
            },
            "require-dev": {
                "phpstan/phpstan": "^1.10",
                "psr/log": "^1.0",
                "symfony/phpunit-bridge": "^4.2 || ^5",
                "symfony/process": "^4.0 || ^5.0 || ^6.0 || ^7.0"
            },
            "type": "library",
            "extra": {
                "branch-alias": {
                    "dev-main": "1.x-dev"
                }
            },
            "autoload": {
                "psr-4": {
                    "Composer\\CaBundle\\": "src"
                }
            },
            "notification-url": "https://packagist.org/downloads/",
            "license": [
                "MIT"
            ],
            "authors": [
                {
                    "name": "Jordi Boggiano",
                    "email": "j.boggiano@seld.be",
                    "homepage": "http://seld.be"
                }
            ],
            "description": "Lets you find a path to the system CA bundle, and includes a fallback to the Mozilla CA bundle.",
            "keywords": [
                "cabundle",
                "cacert",
                "certificate",
                "ssl",
                "tls"
            ],
            "support": {
                "irc": "irc://irc.freenode.org/composer",
                "issues": "https://github.com/composer/ca-bundle/issues",
                "source": "https://github.com/composer/ca-bundle/tree/1.5.0"
            },
            "funding": [
                {
                    "url": "https://packagist.com",
                    "type": "custom"
                },
                {
                    "url": "https://github.com/composer",
                    "type": "github"
                },
                {
                    "url": "https://tidelift.com/funding/github/packagist/composer/composer",
                    "type": "tidelift"
                }
            ],
            "time": "2024-03-15T14:00:32+00:00"
        },
        {
            "name": "mollie/mollie-api-php",
            "version": "v2.67.1",
            "source": {
                "type": "git",
                "url": "https://github.com/mollie/mollie-api-php.git",
                "reference": "ed5b2ba1dc8f30a4674f10ca78ad547c2df91008"
            },
            "dist": {
                "type": "zip",
                "url": "https://api.github.com/repos/mollie/mollie-api-php/zipball/ed5b2ba1dc8f30a4674f10ca78ad547c2df91008",
                "reference": "ed5b2ba1dc8f30a4674f10ca78ad547c2df91008",
                "shasum": ""
            },
            "require": {
                "composer/ca-bundle": "^1.2",
                "ext-curl": "*",
                "ext-json": "*",
                "ext-openssl": "*",
                "php": "^7.2|^8.0"
            },
            "require-dev": {
                "eloquent/liberator": "^2.0||^3.0",
                "friendsofphp/php-cs-fixer": "^3.0",
                "guzzlehttp/guzzle": "^6.3 || ^7.0",
                "phpstan/phpstan": "^1.4",
                "phpunit/phpunit": "^8.5 || ^9.5"
            },
            "suggest": {
                "mollie/oauth2-mollie-php": "Use OAuth to authenticate with the Mollie API. This is needed for some endpoints. Visit https://docs.mollie.com/ for more information."
            },
            "type": "library",
            "autoload": {
                "psr-4": {
                    "Mollie\\Api\\": "src/"
                }
            },
            "notification-url": "https://packagist.org/downloads/",
            "license": [
                "BSD-2-Clause"
            ],
            "authors": [
                {
                    "name": "Mollie B.V.",
                    "email": "info@mollie.com"
                }
            ],
            "description": "Mollie API client library for PHP. Mollie is a European Payment Service provider and offers international payment methods such as Mastercard, VISA, American Express and PayPal, and local payment methods such as iDEAL, Bancontact, SOFORT Banking, SEPA direct debit, Belfius Direct Net, KBC Payment Button and various gift cards such as Podiumcadeaukaart and fashioncheque.",
            "homepage": "https://www.mollie.com/en/developers",
            "keywords": [
                "Apple Pay",
                "CBC",
                "Przelewy24",
                "api",
                "bancontact",
                "banktransfer",
                "belfius",
                "belfius direct net",
                "charges",
                "creditcard",
                "direct debit",
                "fashioncheque",
                "gateway",
                "gift cards",
                "ideal",
                "inghomepay",
                "intersolve",
                "kbc",
                "klarna",
                "mistercash",
                "mollie",
                "paylater",
                "payment",
                "payments",
                "paypal",
                "paysafecard",
                "podiumcadeaukaart",
                "recurring",
                "refunds",
                "sepa",
                "service",
                "sliceit",
                "sofort",
                "sofortbanking",
                "subscriptions"
            ],
            "support": {
                "issues": "https://github.com/mollie/mollie-api-php/issues",
                "source": "https://github.com/mollie/mollie-api-php/tree/v2.67.1"
            },
            "time": "2024-05-07T07:59:20+00:00"
        },
        {
            "name": "paymentwall/paymentwall-php",
            "version": "2.2.4",
            "source": {
                "type": "git",
                "url": "https://github.com/paymentwall/paymentwall-php.git",
                "reference": "68064bfa12d00e856998b205c6b364ff8d7bc906"
            },
            "dist": {
                "type": "zip",
                "url": "https://api.github.com/repos/paymentwall/paymentwall-php/zipball/68064bfa12d00e856998b205c6b364ff8d7bc906",
                "reference": "68064bfa12d00e856998b205c6b364ff8d7bc906",
                "shasum": ""
            },
            "require": {
                "ext-curl": "*",
                "ext-json": "*",
                "php": ">=5.2"
            },
            "require-dev": {
                "behat/behat": "2.4.*@stable"
            },
            "type": "library",
            "autoload": {
                "classmap": [
                    "lib/Paymentwall/"
                ]
            },
            "notification-url": "https://packagist.org/downloads/",
            "license": [
                "MIT"
            ],
            "authors": [
                {
                    "name": "Paymentwall Team",
                    "email": "devsupport@paymentwall.com"
                }
            ],
            "description": "Paymentwall PHP Library. Paymentwall is the leading digital payments platform for globally monetizing digital goods and services.",
            "homepage": "https://www.paymentwall.com/?source=gh",
            "keywords": [
                "alternative payments",
                "api",
                "carrier billing",
                "credit cards",
                "monetization",
                "payment processing",
                "payments",
                "paymentwall",
                "recurring billing"
            ],
            "support": {
                "issues": "https://github.com/paymentwall/paymentwall-php/issues",
                "source": "https://github.com/paymentwall/paymentwall-php/tree/v2.2.4"
            },
            "time": "2023-10-18T08:04:20+00:00"
        },
        {
            "name": "stripe/stripe-php",
            "version": "v7.128.0",
            "source": {
                "type": "git",
                "url": "https://github.com/stripe/stripe-php.git",
                "reference": "c704949c49b72985c76cc61063aa26fefbd2724e"
            },
            "dist": {
                "type": "zip",
                "url": "https://api.github.com/repos/stripe/stripe-php/zipball/c704949c49b72985c76cc61063aa26fefbd2724e",
                "reference": "c704949c49b72985c76cc61063aa26fefbd2724e",
                "shasum": ""
            },
            "require": {
                "ext-curl": "*",
                "ext-json": "*",
                "ext-mbstring": "*",
                "php": ">=5.6.0"
            },
            "require-dev": {
                "friendsofphp/php-cs-fixer": "3.5.0",
                "phpstan/phpstan": "^1.2",
                "phpunit/phpunit": "^5.7 || ^9.0",
                "squizlabs/php_codesniffer": "^3.3"
            },
            "type": "library",
            "extra": {
                "branch-alias": {
                    "dev-master": "2.0-dev"
                }
            },
            "autoload": {
                "psr-4": {
                    "Stripe\\": "lib/"
                }
            },
            "notification-url": "https://packagist.org/downloads/",
            "license": [
                "MIT"
            ],
            "authors": [
                {
                    "name": "Stripe and contributors",
                    "homepage": "https://github.com/stripe/stripe-php/contributors"
                }
            ],
            "description": "Stripe PHP Library",
            "homepage": "https://stripe.com/",
            "keywords": [
                "api",
                "payment processing",
                "stripe"
            ],
            "support": {
                "issues": "https://github.com/stripe/stripe-php/issues",
                "source": "https://github.com/stripe/stripe-php/tree/v7.128.0"
            },
            "time": "2022-05-05T17:18:02+00:00"
        },
        {
            "name": "xsolla/xsolla-sdk-php",
            "version": "v4.3.2",
            "source": {
                "type": "git",
                "url": "https://github.com/xsolla/xsolla-sdk-php.git",
                "reference": "6bea126a37e7f1a419e61418a7b35cbb04475e33"
            },
            "dist": {
                "type": "zip",
                "url": "https://api.github.com/repos/xsolla/xsolla-sdk-php/zipball/6bea126a37e7f1a419e61418a7b35cbb04475e33",
                "reference": "6bea126a37e7f1a419e61418a7b35cbb04475e33",
                "shasum": ""
            },
            "require": {
                "ext-curl": "*",
                "ext-json": "*",
                "guzzlehttp/guzzle": "~6.0 || ~7.0",
                "php": "^7.3|~8.0",
                "symfony/http-foundation": "~2.3 || ~3.0 || ~4.0 || ~5.0 || ~6.0.0 || ~7.0"
            },
            "require-dev": {
                "friendsofphp/php-cs-fixer": "~2.13",
                "mtdowling/burgomaster": "^0.0.3",
                "php": "^7.3|~8.0",
                "phpunit/phpunit": "^9.0",
                "symfony/process": "~4.1"
            },
            "type": "library",
            "autoload": {
                "psr-4": {
                    "Xsolla\\SDK\\": "src"
                }
            },
            "notification-url": "https://packagist.org/downloads/",
            "license": [
                "MIT"
            ],
            "description": "Xsolla SDK for PHP. Xsolla is the authorized reseller and merchant providing e-commerce services for online games.",
            "homepage": "https://xsolla.com",
            "keywords": [
                "api",
                "games",
                "payment",
                "sdk",
                "xsolla"
            ],
            "support": {
                "docs": "https://developers.xsolla.com",
                "email": "integration@xsolla.com",
                "issues": "https://github.com/xsolla/xsolla-sdk-php/issues",
                "source": "https://github.com/xsolla/xsolla-sdk-php/releases"
            },
            "abandoned": true,
            "time": "2024-05-23T11:07:08+00:00"
        }
    ],
    "packages-dev": [],
    "aliases": [],
    "minimum-stability": "stable",
    "stability-flags": [],
    "prefer-stable": false,
    "prefer-lowest": false,
    "platform": {
        "php": ">=8.0"
    },
    "platform-dev": [],
    "plugin-api-version": "2.6.0"
}
